
Microsoft Visual Studio Solution File, Format Version 12.00
# Visual Studio Version 16
VisualStudioVersion = 16.0.31911.196
MinimumVisualStudioVersion = 10.0.40219.1
Project("{FAE04EC0-301F-11D3-BF4B-00C04F79EFBC}") = "AnimalHealthHospitalManagementSystem", "AnimalHealthHospitalManagementSystem\AnimalHealthHospitalManagementSystem.csproj", "{846AC5F7-1486-416F-B53B-3DD3058AC5B5}"
EndProject
Global
	GlobalSection(SolutionConfigurationPlatforms) = preSolution
		Debug|Any CPU = Debug|Any CPU
		Release|Any CPU = Release|Any CPU
	EndGlobalSection
	GlobalSection(ProjectConfigurationPlatforms) = postSolution
		{846AC5F7-1486-416F-B53B-3DD3058AC5B5}.Debug|Any CPU.ActiveCfg = Debug|Any CPU
		{846AC5F7-1486-416F-B53B-3DD3058AC5B5}.Debug|Any CPU.Build.0 = Debug|Any CPU
		{846AC5F7-1486-416F-B53B-3DD3058AC5B5}.Release|Any CPU.ActiveCfg = Release|Any CPU
		{846AC5F7-1486-416F-B53B-3DD3058AC5B5}.Release|Any CPU.Build.0 = Release|Any CPU
	EndGlobalSection
	GlobalSection(SolutionProperties) = preSolution
		HideSolutionNode = FALSE
	EndGlobalSection
	GlobalSection(ExtensibilityGlobals) = postSolution
		SolutionGuid = {8A7125EF-7A9E-4D13-BA33-CB5273356095}
	EndGlobalSection
EndGlobal
